// !$*UTF8*$!
{
	archiveVersion = 1;
	classes = {
	};
	objectVersion = 50;
	objects = {

/* Begin PBXBuildFile section */
		C012E94B21BA50D90009A287 /* AppDelegate.swift in Sources */ = {isa = PBXBuildFile; fileRef = C012E94A21BA50D90009A287 /* AppDelegate.swift */; };
		C012E94D21BA50D90009A287 /* ViewController.swift in Sources */ = {isa = PBXBuildFile; fileRef = C012E94C21BA50D90009A287 /* ViewController.swift */; };
		C012E95021BA50D90009A287 /* Main.storyboard in Resources */ = {isa = PBXBuildFile; fileRef = C012E94E21BA50D90009A287 /* Main.storyboard */; };
		C012E95221BA50DA0009A287 /* Assets.xcassets in Resources */ = {isa = PBXBuildFile; fileRef = C012E95121BA50DA0009A287 /* Assets.xcassets */; };
		C012E95521BA50DA0009A287 /* LaunchScreen.storyboard in Resources */ = {isa = PBXBuildFile; fileRef = C012E95321BA50DA0009A287 /* LaunchScreen.storyboard */; };
		C012E95D21BA51F00009A287 /* FileManager_Extension.swift in Sources */ = {isa = PBXBuildFile; fileRef = C012E95C21BA51F00009A287 /* FileManager_Extension.swift */; };
		C012E95F21BA72BB0009A287 /* test.PNG in Resources */ = {isa = PBXBuildFile; fileRef = C012E95E21BA72BB0009A287 /* test.PNG */; };
		C012E96721BCEF1E0009A287 /* JSONDecoder_Extension.swift in Sources */ = {isa = PBXBuildFile; fileRef = C012E96621BCEF1E0009A287 /* JSONDecoder_Extension.swift */; };
		C012E96C21BD02CB0009A287 /* JSONEncoder_Extension.swift in Sources */ = {isa = PBXBuildFile; fileRef = C012E96B21BD02CB0009A287 /* JSONEncoder_Extension.swift */; };
/* End PBXBuildFile section */

/* Begin PBXFileReference section */
		C012E94721BA50D90009A287 /* FileManager.app */ = {isa = PBXFileReference; explicitFileType = wrapper.application; includeInIndex = 0; path = FileManager.app; sourceTree = BUILT_PRODUCTS_DIR; };
		C012E94A21BA50D90009A287 /* AppDelegate.swift */ = {isa = PBXFileReference; lastKnownFileType = sourcecode.swift; path = AppDelegate.swift; sourceTree = "<group>"; };
		C012E94C21BA50D90009A287 /* ViewController.swift */ = {isa = PBXFileReference; lastKnownFileType = sourcecode.swift; path = ViewController.swift; sourceTree = "<group>"; };
		C012E94F21BA50D90009A287 /* Base */ = {isa = PBXFileReference; lastKnownFileType = file.storyboard; name = Base; path = Base.lproj/Main.storyboard; sourceTree = "<group>"; };
		C012E95121BA50DA0009A287 /* Assets.xcassets */ = {isa = PBXFileReference; lastKnownFileType = folder.assetcatalog; path = Assets.xcassets; sourceTree = "<group>"; };
		C012E95421BA50DA0009A287 /* Base */ = {isa = PBXFileReference; lastKnownFileType = file.storyboard; name = Base; path = Base.lproj/LaunchScreen.storyboard; sourceTree = "<group>"; };
		C012E95621BA50DA0009A287 /* Info.plist */ = {isa = PBXFileReference; lastKnownFileType = text.plist.xml; path = Info.plist; sourceTree = "<group>"; };
		C012E95C21BA51F00009A287 /* FileManager_Extension.swift */ = {isa = PBXFileReference; lastKnownFileType = sourcecode.swift; path = FileManager_Extension.swift; sourceTree = "<group>"; };
		C012E95E21BA72BB0009A287 /* test.PNG */ = {isa = PBXFileReference; lastKnownFileType = image.png; path = test.PNG; sourceTree = "<group>"; };
		C012E96621BCEF1E0009A287 /* JSONDecoder_Extension.swift */ = {isa = PBXFileReference; lastKnownFileType = sourcecode.swift; path = JSONDecoder_Extension.swift; sourceTree = "<group>"; };
		C012E96B21BD02CB0009A287 /* JSONEncoder_Extension.swift */ = {isa = PBXFileReference; fileEncoding = 4; lastKnownFileType = sourcecode.swift; path = JSONEncoder_Extension.swift; sourceTree = "<group>"; };
/* End PBXFileReference section */

/* Begin PBXFrameworksBuildPhase section */
		C012E94421BA50D90009A287 /* Frameworks */ = {
			isa = PBXFrameworksBuildPhase;
			buildActionMask = 2147483647;
			files = (
			);
			runOnlyForDeploymentPostprocessing = 0;
		};
/* End PBXFrameworksBuildPhase section */

/* Begin PBXGroup section */
		C012E93E21BA50D90009A287 = {
			isa = PBXGroup;
			children = (
				C012E94921BA50D90009A287 /* FileManager */,
				C012E94821BA50D90009A287 /* Products */,
			);
			sourceTree = "<group>";
		};
		C012E94821BA50D90009A287 /* Products */ = {
			isa = PBXGroup;
			children = (
				C012E94721BA50D90009A287 /* FileManager.app */,
			);
			name = Products;
			sourceTree = "<group>";
		};
		C012E94921BA50D90009A287 /* FileManager */ = {
			isa = PBXGroup;
			children = (
				C012E96821BCFC590009A287 /* Utilities */,
				C012E94A21BA50D90009A287 /* AppDelegate.swift */,
				C012E94C21BA50D90009A287 /* ViewController.swift */,
				C012E95E21BA72BB0009A287 /* test.PNG */,
				C012E94E21BA50D90009A287 /* Main.storyboard */,
				C012E95121BA50DA0009A287 /* Assets.xcassets */,
				C012E95321BA50DA0009A287 /* LaunchScreen.storyboard */,
				C012E95621BA50DA0009A287 /* Info.plist */,
			);
			path = FileManager;
			sourceTree = "<group>";
		};
		C012E96821BCFC590009A287 /* Utilities */ = {
			isa = PBXGroup;
			children = (
				C012E95C21BA51F00009A287 /* FileManager_Extension.swift */,
				C012E96B21BD02CB0009A287 /* JSONEncoder_Extension.swift */,
				C012E96621BCEF1E0009A287 /* JSONDecoder_Extension.swift */,
			);
			path = Utilities;
			sourceTree = "<group>";
		};
/* End PBXGroup section */

/* Begin PBXNativeTarget section */
		C012E94621BA50D90009A287 /* FileManager */ = {
			isa = PBXNativeTarget;
			buildConfigurationList = C012E95921BA50DA0009A287 /* Build configuration list for PBXNativeTarget "FileManager" */;
			buildPhases = (
				C012E94321BA50D90009A287 /* Sources */,
				C012E94421BA50D90009A287 /* Frameworks */,
				C012E94521BA50D90009A287 /* Resources */,
			);
			buildRules = (
			);
			dependencies = (
			);
			name = FileManager;
			productName = FileManager;
			productReference = C012E94721BA50D90009A287 /* FileManager.app */;
			productType = "com.apple.product-type.application";
		};
/* End PBXNativeTarget section */

/* Begin PBXProject section */
		C012E93F21BA50D90009A287 /* Project object */ = {
			isa = PBXProject;
			attributes = {
				LastSwiftUpdateCheck = 1010;
				LastUpgradeCheck = 1010;
				ORGANIZATIONNAME = "辛忠翰";
				TargetAttributes = {
					C012E94621BA50D90009A287 = {
						CreatedOnToolsVersion = 10.1;
					};
				};
			};
			buildConfigurationList = C012E94221BA50D90009A287 /* Build configuration list for PBXProject "FileManager" */;
			compatibilityVersion = "Xcode 9.3";
			developmentRegion = en;
			hasScannedForEncodings = 0;
			knownRegions = (
				en,
				Base,
			);
			mainGroup = C012E93E21BA50D90009A287;
			productRefGroup = C012E94821BA50D90009A287 /* Products */;
			projectDirPath = "";
			projectRoot = "";
			targets = (
				C012E94621BA50D90009A287 /* FileManager */,
			);
		};
/* End PBXProject section */

/* Begin PBXResourcesBuildPhase section */
		C012E94521BA50D90009A287 /* Resources */ = {
			isa = PBXResourcesBuildPhase;
			buildActionMask = 2147483647;
			files = (
				C012E95521BA50DA0009A287 /* LaunchScreen.storyboard in Resources */,
				C012E95221BA50DA0009A287 /* Assets.xcassets in Resources */,
				C012E95021BA50D90009A287 /* Main.storyboard in Resources */,
				C012E95F21BA72BB0009A287 /* test.PNG in Resources */,
			);
			runOnlyForDeploymentPostprocessing = 0;
		};
/* End PBXResourcesBuildPhase section */

/* Begin PBXSourcesBuildPhase section */
		C012E94321BA50D90009A287 /* Sources */ = {
			isa = PBXSourcesBuildPhase;
			buildActionMask = 2147483647;
			files = (
				C012E96C21BD02CB0009A287 /* JSONEncoder_Extension.swift in Sources */,
				C012E96721BCEF1E0009A287 /* JSONDecoder_Extension.swift in Sources */,
				C012E94D21BA50D90009A287 /* ViewController.swift in Sources */,
				C012E94B21BA50D90009A287 /* AppDelegate.swift in Sources */,
				C012E95D21BA51F00009A287 /* FileManager_Extension.swift in Sources */,
			);
			runOnlyForDeploymentPostprocessing = 0;
		};
/* End PBXSourcesBuildPhase section */

/* Begin PBXVariantGroup section */
		C012E94E21BA50D90009A287 /* Main.storyboard */ = {
			isa = PBXVariantGroup;
			children = (
				C012E94F21BA50D90009A287 /* Base */,
			);
			name = Main.storyboard;
			sourceTree = "<group>";
		};
		C012E95321BA50DA0009A287 /* LaunchScreen.storyboard */ = {
			isa = PBXVariantGroup;
			children = (
				C012E95421BA50DA0009A287 /* Base */,
			);
			name = LaunchScreen.storyboard;
			sourceTree = "<group>";
		};
/* End PBXVariantGroup section */

/* Begin XCBuildConfiguration section */
		C012E95721BA50DA0009A287 /* Debug */ = {
			isa = XCBuildConfiguration;
			buildSettings = {
				ALWAYS_SEARCH_USER_PATHS = NO;
				CLANG_ANALYZER_NONNULL = YES;
				CLANG_ANALYZER_NUMBER_OBJECT_CONVERSION = YES_AGGRESSIVE;
				CLANG_CXX_LANGUAGE_STANDARD = "gnu++14";
				CLANG_CXX_LIBRARY = "libc++";
				CLANG_ENABLE_MODULES = YES;
				CLANG_ENABLE_OBJC_ARC = YES;
				CLANG_ENABLE_OBJC_WEAK = YES;
				CLANG_WARN_BLOCK_CAPTURE_AUTORELEASING = YES;
				CLANG_WARN_BOOL_CONVERSION = YES;
				CLANG_WARN_COMMA = YES;
				CLANG_WARN_CONSTANT_CONVERSION = YES;
				CLANG_WARN_DEPRECATED_OBJC_IMPLEMENTATIONS = YES;
				CLANG_WARN_DIRECT_OBJC_ISA_USAGE = YES_ERROR;
				CLANG_WARN_DOCUMENTATION_COMMENTS = YES;
				CLANG_WARN_EMPTY_BODY = YES;
				CLANG_WARN_ENUM_CONVERSION = YES;
				CLANG_WARN_INFINITE_RECURSION = YES;
				CLANG_WARN_INT_CONVERSION = YES;
				CLANG_WARN_NON_LITERAL_NULL_CONVERSION = YES;
				CLANG_WARN_OBJC_IMPLICIT_RETAIN_SELF = YES;
				CLANG_WARN_OBJC_LITERAL_CONVERSION = YES;
				CLANG_WARN_OBJC_ROOT_CLASS = YES_ERROR;
				CLANG_WARN_RANGE_LOOP_ANALYSIS = YES;
				CLANG_WARN_STRICT_PROTOTYPES = YES;
				CLANG_WARN_SUSPICIOUS_MOVE = YES;
				CLANG_WARN_UNGUARDED_AVAILABILITY = YES_AGGRESSIVE;
				CLANG_WARN_UNREACHABLE_CODE = YES;
				CLANG_WARN__DUPLICATE_METHOD_MATCH = YES;
				CODE_SIGN_IDENTITY = "iPhone Developer";
				COPY_PHASE_STRIP = NO;
				DEBUG_INFORMATION_FORMAT = dwarf;
				ENABLE_STRICT_OBJC_MSGSEND = YES;
				ENABLE_TESTABILITY = YES;
				GCC_C_LANGUAGE_STANDARD = gnu11;
				GCC_DYNAMIC_NO_PIC = NO;
				GCC_NO_COMMON_BLOCKS = YES;
				GCC_OPTIMIZATION_LEVEL = 0;
				GCC_PREPROCESSOR_DEFINITIONS = (
					"DEBUG=1",
					"$(inherited)",
				);
				GCC_WARN_64_TO_32_BIT_CONVERSION = YES;
				GCC_WARN_ABOUT_RETURN_TYPE = YES_ERROR;
				GCC_WARN_UNDECLARED_SELECTOR = YES;
				GCC_WARN_UNINITIALIZED_AUTOS = YES_AGGRESSIVE;
				GCC_WARN_UNUSED_FUNCTION = YES;
				GCC_WARN_UNUSED_VARIABLE = YES;
				IPHONEOS_DEPLOYMENT_TARGET = 12.1;
				MTL_ENABLE_DEBUG_INFO = INCLUDE_SOURCE;
				MTL_FAST_MATH = YES;
				ONLY_ACTIVE_ARCH = YES;
				SDKROOT = iphoneos;
				SWIFT_ACTIVE_COMPILATION_CONDITIONS = DEBUG;
				SWIFT_OPTIMIZATION_LEVEL = "-Onone";
			};
			name = Debug;
		};
		C012E95821BA50DA0009A287 /* Release */ = {
			isa = XCBuildConfiguration;
			buildSettings = {
				ALWAYS_SEARCH_USER_PATHS = NO;
				CLANG_ANALYZER_NONNULL = YES;
				CLANG_ANALYZER_NUMBER_OBJECT_CONVERSION = YES_AGGRESSIVE;
				CLANG_CXX_LANGUAGE_STANDARD = "gnu++14";
				CLANG_CXX_LIBRARY = "libc++";
				CLANG_ENABLE_MODULES = YES;
				CLANG_ENABLE_OBJC_ARC = YES;
				CLANG_ENABLE_OBJC_WEAK = YES;
				CLANG_WARN_BLOCK_CAPTURE_AUTORELEASING = YES;
				CLANG_WARN_BOOL_CONVERSION = YES;
				CLANG_WARN_COMMA = YES;
				CLANG_WARN_CONSTANT_CONVERSION = YES;
				CLANG_WARN_DEPRECATED_OBJC_IMPLEMENTATIONS = YES;
				CLANG_WARN_DIRECT_OBJC_ISA_USAGE = YES_ERROR;
				CLANG_WARN_DOCUMENTATION_COMMENTS = YES;
				CLANG_WARN_EMPTY_BODY = YES;
				CLANG_WARN_ENUM_CONVERSION = YES;
				CLANG_WARN_INFINITE_RECURSION = YES;
				CLANG_WARN_INT_CONVERSION = YES;
				CLANG_WARN_NON_LITERAL_NULL_CONVERSION = YES;
				CLANG_WARN_OBJC_IMPLICIT_RETAIN_SELF = YES;
				CLANG_WARN_OBJC_LITERAL_CONVERSION = YES;
				CLANG_WARN_OBJC_ROOT_CLASS = YES_ERROR;
				CLANG_WARN_RANGE_LOOP_ANALYSIS = YES;
				CLANG_WARN_STRICT_PROTOTYPES = YES;
				CLANG_WARN_SUSPICIOUS_MOVE = YES;
				CLANG_WARN_UNGUARDED_AVAILABILITY = YES_AGGRESSIVE;
				CLANG_WARN_UNREACHABLE_CODE = YES;
				CLANG_WARN__DUPLICATE_METHOD_MATCH = YES;
				CODE_SIGN_IDENTITY = "iPhone Developer";
				COPY_PHASE_STRIP = NO;
				DEBUG_INFORMATION_FORMAT = "dwarf-with-dsym";
				ENABLE_NS_ASSERTIONS = NO;
				ENABLE_STRICT_OBJC_MSGSEND = YES;
				GCC_C_LANGUAGE_STANDARD = gnu11;
				GCC_NO_COMMON_BLOCKS = YES;
				GCC_WARN_64_TO_32_BIT_CONVERSION = YES;
				GCC_WARN_ABOUT_RETURN_TYPE = YES_ERROR;
				GCC_WARN_UNDECLARED_SELECTOR = YES;
				GCC_WARN_UNINITIALIZED_AUTOS = YES_AGGRESSIVE;
				GCC_WARN_UNUSED_FUNCTION = YES;
				GCC_WARN_UNUSED_VARIABLE = YES;
				IPHONEOS_DEPLOYMENT_TARGET = 12.1;
				MTL_ENABLE_DEBUG_INFO = NO;
				MTL_FAST_MATH = YES;
				SDKROOT = iphoneos;
				SWIFT_COMPILATION_MODE = wholemodule;
				SWIFT_OPTIMIZATION_LEVEL = "-O";
				VALIDATE_PRODUCT = YES;
			};
			name = Release;
		};
		C012E95A21BA50DA0009A287 /* Debug */ = {
			isa = XCBuildConfiguration;
			buildSettings = {
				ASSETCATALOG_COMPILER_APPICON_NAME = AppIcon;
				CODE_SIGN_STYLE = Automatic;
				DEVELOPMENT_TEAM = WAGW44Z6JC;
				INFOPLIST_FILE = FileManager/Info.plist;
				LD_RUNPATH_SEARCH_PATHS = (
					"$(inherited)",
					"@executable_path/Frameworks",
				);
				PRODUCT_BUNDLE_IDENTIFIER = coolApp.com.FileManager;
				PRODUCT_NAME = "$(TARGET_NAME)";
				SWIFT_VERSION = 4.2;
				TARGETED_DEVICE_FAMILY = "1,2";
			};
			name = Debug;
		};
		C012E95B21BA50DA0009A287 /* Release */ = {
			isa = XCBuildConfiguration;
			buildSettings = {
				ASSETCATALOG_COMPILER_APPICON_NAME = AppIcon;
				CODE_SIGN_STYLE = Automatic;
				DEVELOPMENT_TEAM = WAGW44Z6JC;
				INFOPLIST_FILE = FileManager/Info.plist;
				LD_RUNPATH_SEARCH_PATHS = (
					"$(inherited)",
					"@executable_path/Frameworks",
				);
				PRODUCT_BUNDLE_IDENTIFIER = coolApp.com.FileManager;
				PRODUCT_NAME = "$(TARGET_NAME)";
				SWIFT_VERSION = 4.2;
				TARGETED_DEVICE_FAMILY = "1,2";
			};
			name = Release;
		};
/* End XCBuildConfiguration section */

/* Begin XCConfigurationList section */
		C012E94221BA50D90009A287 /* Build configuration list for PBXProject "FileManager" */ = {
			isa = XCConfigurationList;
			buildConfigurations = (
				C012E95721BA50DA0009A287 /* Debug */,
				C012E95821BA50DA0009A287 /* Release */,
			);
			defaultConfigurationIsVisible = 0;
			defaultConfigurationName = Release;
		};
		C012E95921BA50DA0009A287 /* Build configuration list for PBXNativeTarget "FileManager" */ = {
			isa = XCConfigurationList;
			buildConfigurations = (
				C012E95A21BA50DA0009A287 /* Debug */,
				C012E95B21BA50DA0009A287 /* Release */,
			);
			defaultConfigurationIsVisible = 0;
			defaultConfigurationName = Release;
		};
/* End XCConfigurationList section */
	};
	rootObject = C012E93F21BA50D90009A287 /* Project object */;
}
